
Microsoft Visual Studio Solution File, Format Version 12.00
# Visual Studio Version 17
VisualStudioVersion = 17.4.33213.308
MinimumVisualStudioVersion = 10.0.40219.1
Project("{FAE04EC0-301F-11D3-BF4B-00C04F79EFBC}") = "SolidAPI", "SolidAPI\SolidAPI.csproj", "{9147F764-5C13-409C-9963-6205E70DCA36}"
EndProject
Global
	GlobalSection(SolutionConfigurationPlatforms) = preSolution
		Debug|Any CPU = Debug|Any CPU
		Release|Any CPU = Release|Any CPU
	EndGlobalSection
	GlobalSection(ProjectConfigurationPlatforms) = postSolution
		{9147F764-5C13-409C-9963-6205E70DCA36}.Debug|Any CPU.ActiveCfg = Debug|Any CPU
		{9147F764-5C13-409C-9963-6205E70DCA36}.Debug|Any CPU.Build.0 = Debug|Any CPU
		{9147F764-5C13-409C-9963-6205E70DCA36}.Release|Any CPU.ActiveCfg = Release|Any CPU
		{9147F764-5C13-409C-9963-6205E70DCA36}.Release|Any CPU.Build.0 = Release|Any CPU
	EndGlobalSection
	GlobalSection(SolutionProperties) = preSolution
		HideSolutionNode = FALSE
	EndGlobalSection
	GlobalSection(ExtensibilityGlobals) = postSolution
		SolutionGuid = {3FC01413-B45E-469C-ABE9-19DDFDF9B8DF}
	EndGlobalSection
EndGlobal
